// !$*UTF8*$!
{
	archiveVersion = 1;
	classes = {
	};
	objectVersion = 56;
	objects = {

/* Begin PBXBuildFile section */
		F8145A072A80D7EC003E4BB1 /* AppDelegate.swift in Sources */ = {isa = PBXBuildFile; fileRef = F8145A062A80D7EC003E4BB1 /* AppDelegate.swift */; };
		F8145A092A80D7EC003E4BB1 /* SceneDelegate.swift in Sources */ = {isa = PBXBuildFile; fileRef = F8145A082A80D7EC003E4BB1 /* SceneDelegate.swift */; };
		F8145A0B2A80D7EC003E4BB1 /* ViewController.swift in Sources */ = {isa = PBXBuildFile; fileRef = F8145A0A2A80D7EC003E4BB1 /* ViewController.swift */; };
		F8145A0E2A80D7EC003E4BB1 /* Main.storyboard in Resources */ = {isa = PBXBuildFile; fileRef = F8145A0C2A80D7EC003E4BB1 /* Main.storyboard */; };
		F8145A102A80D7ED003E4BB1 /* Assets.xcassets in Resources */ = {isa = PBXBuildFile; fileRef = F8145A0F2A80D7ED003E4BB1 /* Assets.xcassets */; };
		F8145A132A80D7ED003E4BB1 /* LaunchScreen.storyboard in Resources */ = {isa = PBXBuildFile; fileRef = F8145A112A80D7ED003E4BB1 /* LaunchScreen.storyboard */; };
		F8145A1C2A80D810003E4BB1 /* BeverageProtocol.swift in Sources */ = {isa = PBXBuildFile; fileRef = F8145A1B2A80D810003E4BB1 /* BeverageProtocol.swift */; };
		F8145A1E2A80D851003E4BB1 /* EspressoCoffe.swift in Sources */ = {isa = PBXBuildFile; fileRef = F8145A1D2A80D851003E4BB1 /* EspressoCoffe.swift */; };
		F8145A202A80D86E003E4BB1 /* DecafCoffe.swift in Sources */ = {isa = PBXBuildFile; fileRef = F8145A1F2A80D86E003E4BB1 /* DecafCoffe.swift */; };
		F8145A222A80D8AD003E4BB1 /* AddOnBaseDecorator.swift in Sources */ = {isa = PBXBuildFile; fileRef = F8145A212A80D8AD003E4BB1 /* AddOnBaseDecorator.swift */; };
		F8145A242A80D963003E4BB1 /* SoyDecorator.swift in Sources */ = {isa = PBXBuildFile; fileRef = F8145A232A80D963003E4BB1 /* SoyDecorator.swift */; };
		F8145A272A80E01C003E4BB1 /* CaramelDecorator.swift in Sources */ = {isa = PBXBuildFile; fileRef = F8145A262A80E01C003E4BB1 /* CaramelDecorator.swift */; };
/* End PBXBuildFile section */

/* Begin PBXFileReference section */
		F8145A032A80D7EC003E4BB1 /* DecoratorPattern.app */ = {isa = PBXFileReference; explicitFileType = wrapper.application; includeInIndex = 0; path = DecoratorPattern.app; sourceTree = BUILT_PRODUCTS_DIR; };
		F8145A062A80D7EC003E4BB1 /* AppDelegate.swift */ = {isa = PBXFileReference; lastKnownFileType = sourcecode.swift; path = AppDelegate.swift; sourceTree = "<group>"; };
		F8145A082A80D7EC003E4BB1 /* SceneDelegate.swift */ = {isa = PBXFileReference; lastKnownFileType = sourcecode.swift; path = SceneDelegate.swift; sourceTree = "<group>"; };
		F8145A0A2A80D7EC003E4BB1 /* ViewController.swift */ = {isa = PBXFileReference; lastKnownFileType = sourcecode.swift; path = ViewController.swift; sourceTree = "<group>"; };
		F8145A0D2A80D7EC003E4BB1 /* Base */ = {isa = PBXFileReference; lastKnownFileType = file.storyboard; name = Base; path = Base.lproj/Main.storyboard; sourceTree = "<group>"; };
		F8145A0F2A80D7ED003E4BB1 /* Assets.xcassets */ = {isa = PBXFileReference; lastKnownFileType = folder.assetcatalog; path = Assets.xcassets; sourceTree = "<group>"; };
		F8145A122A80D7ED003E4BB1 /* Base */ = {isa = PBXFileReference; lastKnownFileType = file.storyboard; name = Base; path = Base.lproj/LaunchScreen.storyboard; sourceTree = "<group>"; };
		F8145A142A80D7EE003E4BB1 /* Info.plist */ = {isa = PBXFileReference; lastKnownFileType = text.plist.xml; path = Info.plist; sourceTree = "<group>"; };
		F8145A1B2A80D810003E4BB1 /* BeverageProtocol.swift */ = {isa = PBXFileReference; lastKnownFileType = sourcecode.swift; path = BeverageProtocol.swift; sourceTree = "<group>"; };
		F8145A1D2A80D851003E4BB1 /* EspressoCoffe.swift */ = {isa = PBXFileReference; lastKnownFileType = sourcecode.swift; path = EspressoCoffe.swift; sourceTree = "<group>"; };
		F8145A1F2A80D86E003E4BB1 /* DecafCoffe.swift */ = {isa = PBXFileReference; lastKnownFileType = sourcecode.swift; path = DecafCoffe.swift; sourceTree = "<group>"; };
		F8145A212A80D8AD003E4BB1 /* AddOnBaseDecorator.swift */ = {isa = PBXFileReference; lastKnownFileType = sourcecode.swift; path = AddOnBaseDecorator.swift; sourceTree = "<group>"; };
		F8145A232A80D963003E4BB1 /* SoyDecorator.swift */ = {isa = PBXFileReference; lastKnownFileType = sourcecode.swift; path = SoyDecorator.swift; sourceTree = "<group>"; };
		F8145A262A80E01C003E4BB1 /* CaramelDecorator.swift */ = {isa = PBXFileReference; lastKnownFileType = sourcecode.swift; path = CaramelDecorator.swift; sourceTree = "<group>"; };
/* End PBXFileReference section */

/* Begin PBXFrameworksBuildPhase section */
		F8145A002A80D7EC003E4BB1 /* Frameworks */ = {
			isa = PBXFrameworksBuildPhase;
			buildActionMask = 2147483647;
			files = (
			);
			runOnlyForDeploymentPostprocessing = 0;
		};
/* End PBXFrameworksBuildPhase section */

/* Begin PBXGroup section */
		F81459FA2A80D7EC003E4BB1 = {
			isa = PBXGroup;
			children = (
				F8145A052A80D7EC003E4BB1 /* DecoratorPattern */,
				F8145A042A80D7EC003E4BB1 /* Products */,
			);
			sourceTree = "<group>";
		};
		F8145A042A80D7EC003E4BB1 /* Products */ = {
			isa = PBXGroup;
			children = (
				F8145A032A80D7EC003E4BB1 /* DecoratorPattern.app */,
			);
			name = Products;
			sourceTree = "<group>";
		};
		F8145A052A80D7EC003E4BB1 /* DecoratorPattern */ = {
			isa = PBXGroup;
			children = (
				F8145A1A2A80D7F6003E4BB1 /* DecoratorExamplePattern */,
				F8145A062A80D7EC003E4BB1 /* AppDelegate.swift */,
				F8145A082A80D7EC003E4BB1 /* SceneDelegate.swift */,
				F8145A0A2A80D7EC003E4BB1 /* ViewController.swift */,
				F8145A0C2A80D7EC003E4BB1 /* Main.storyboard */,
				F8145A0F2A80D7ED003E4BB1 /* Assets.xcassets */,
				F8145A112A80D7ED003E4BB1 /* LaunchScreen.storyboard */,
				F8145A142A80D7EE003E4BB1 /* Info.plist */,
			);
			path = DecoratorPattern;
			sourceTree = "<group>";
		};
		F8145A1A2A80D7F6003E4BB1 /* DecoratorExamplePattern */ = {
			isa = PBXGroup;
			children = (
				F8145A292A80E5DB003E4BB1 /* MyBeverage */,
				F8145A282A80E5C6003E4BB1 /* Decorators */,
				F8145A252A80DEAA003E4BB1 /* Protocol */,
			);
			path = DecoratorExamplePattern;
			sourceTree = "<group>";
		};
		F8145A252A80DEAA003E4BB1 /* Protocol */ = {
			isa = PBXGroup;
			children = (
				F8145A1B2A80D810003E4BB1 /* BeverageProtocol.swift */,
			);
			path = Protocol;
			sourceTree = "<group>";
		};
		F8145A282A80E5C6003E4BB1 /* Decorators */ = {
			isa = PBXGroup;
			children = (
				F8145A212A80D8AD003E4BB1 /* AddOnBaseDecorator.swift */,
				F8145A232A80D963003E4BB1 /* SoyDecorator.swift */,
				F8145A262A80E01C003E4BB1 /* CaramelDecorator.swift */,
			);
			path = Decorators;
			sourceTree = "<group>";
		};
		F8145A292A80E5DB003E4BB1 /* MyBeverage */ = {
			isa = PBXGroup;
			children = (
				F8145A1D2A80D851003E4BB1 /* EspressoCoffe.swift */,
				F8145A1F2A80D86E003E4BB1 /* DecafCoffe.swift */,
			);
			path = MyBeverage;
			sourceTree = "<group>";
		};
/* End PBXGroup section */

/* Begin PBXNativeTarget section */
		F8145A022A80D7EC003E4BB1 /* DecoratorPattern */ = {
			isa = PBXNativeTarget;
			buildConfigurationList = F8145A172A80D7EE003E4BB1 /* Build configuration list for PBXNativeTarget "DecoratorPattern" */;
			buildPhases = (
				F81459FF2A80D7EC003E4BB1 /* Sources */,
				F8145A002A80D7EC003E4BB1 /* Frameworks */,
				F8145A012A80D7EC003E4BB1 /* Resources */,
			);
			buildRules = (
			);
			dependencies = (
			);
			name = DecoratorPattern;
			productName = DecoratorPattern;
			productReference = F8145A032A80D7EC003E4BB1 /* DecoratorPattern.app */;
			productType = "com.apple.product-type.application";
		};
/* End PBXNativeTarget section */

/* Begin PBXProject section */
		F81459FB2A80D7EC003E4BB1 /* Project object */ = {
			isa = PBXProject;
			attributes = {
				BuildIndependentTargetsInParallel = 1;
				LastSwiftUpdateCheck = 1420;
				LastUpgradeCheck = 1420;
				TargetAttributes = {
					F8145A022A80D7EC003E4BB1 = {
						CreatedOnToolsVersion = 14.2;
					};
				};
			};
			buildConfigurationList = F81459FE2A80D7EC003E4BB1 /* Build configuration list for PBXProject "DecoratorPattern" */;
			compatibilityVersion = "Xcode 14.0";
			developmentRegion = en;
			hasScannedForEncodings = 0;
			knownRegions = (
				en,
				Base,
			);
			mainGroup = F81459FA2A80D7EC003E4BB1;
			productRefGroup = F8145A042A80D7EC003E4BB1 /* Products */;
			projectDirPath = "";
			projectRoot = "";
			targets = (
				F8145A022A80D7EC003E4BB1 /* DecoratorPattern */,
			);
		};
/* End PBXProject section */

/* Begin PBXResourcesBuildPhase section */
		F8145A012A80D7EC003E4BB1 /* Resources */ = {
			isa = PBXResourcesBuildPhase;
			buildActionMask = 2147483647;
			files = (
				F8145A132A80D7ED003E4BB1 /* LaunchScreen.storyboard in Resources */,
				F8145A102A80D7ED003E4BB1 /* Assets.xcassets in Resources */,
				F8145A0E2A80D7EC003E4BB1 /* Main.storyboard in Resources */,
			);
			runOnlyForDeploymentPostprocessing = 0;
		};
/* End PBXResourcesBuildPhase section */

/* Begin PBXSourcesBuildPhase section */
		F81459FF2A80D7EC003E4BB1 /* Sources */ = {
			isa = PBXSourcesBuildPhase;
			buildActionMask = 2147483647;
			files = (
				F8145A0B2A80D7EC003E4BB1 /* ViewController.swift in Sources */,
				F8145A202A80D86E003E4BB1 /* DecafCoffe.swift in Sources */,
				F8145A072A80D7EC003E4BB1 /* AppDelegate.swift in Sources */,
				F8145A242A80D963003E4BB1 /* SoyDecorator.swift in Sources */,
				F8145A1C2A80D810003E4BB1 /* BeverageProtocol.swift in Sources */,
				F8145A272A80E01C003E4BB1 /* CaramelDecorator.swift in Sources */,
				F8145A1E2A80D851003E4BB1 /* EspressoCoffe.swift in Sources */,
				F8145A092A80D7EC003E4BB1 /* SceneDelegate.swift in Sources */,
				F8145A222A80D8AD003E4BB1 /* AddOnBaseDecorator.swift in Sources */,
			);
			runOnlyForDeploymentPostprocessing = 0;
		};
/* End PBXSourcesBuildPhase section */

/* Begin PBXVariantGroup section */
		F8145A0C2A80D7EC003E4BB1 /* Main.storyboard */ = {
			isa = PBXVariantGroup;
			children = (
				F8145A0D2A80D7EC003E4BB1 /* Base */,
			);
			name = Main.storyboard;
			sourceTree = "<group>";
		};
		F8145A112A80D7ED003E4BB1 /* LaunchScreen.storyboard */ = {
			isa = PBXVariantGroup;
			children = (
				F8145A122A80D7ED003E4BB1 /* Base */,
			);
			name = LaunchScreen.storyboard;
			sourceTree = "<group>";
		};
/* End PBXVariantGroup section */

/* Begin XCBuildConfiguration section */
		F8145A152A80D7EE003E4BB1 /* Debug */ = {
			isa = XCBuildConfiguration;
			buildSettings = {
				ALWAYS_SEARCH_USER_PATHS = NO;
				CLANG_ANALYZER_NONNULL = YES;
				CLANG_ANALYZER_NUMBER_OBJECT_CONVERSION = YES_AGGRESSIVE;
				CLANG_CXX_LANGUAGE_STANDARD = "gnu++20";
				CLANG_ENABLE_MODULES = YES;
				CLANG_ENABLE_OBJC_ARC = YES;
				CLANG_ENABLE_OBJC_WEAK = YES;
				CLANG_WARN_BLOCK_CAPTURE_AUTORELEASING = YES;
				CLANG_WARN_BOOL_CONVERSION = YES;
				CLANG_WARN_COMMA = YES;
				CLANG_WARN_CONSTANT_CONVERSION = YES;
				CLANG_WARN_DEPRECATED_OBJC_IMPLEMENTATIONS = YES;
				CLANG_WARN_DIRECT_OBJC_ISA_USAGE = YES_ERROR;
				CLANG_WARN_DOCUMENTATION_COMMENTS = YES;
				CLANG_WARN_EMPTY_BODY = YES;
				CLANG_WARN_ENUM_CONVERSION = YES;
				CLANG_WARN_INFINITE_RECURSION = YES;
				CLANG_WARN_INT_CONVERSION = YES;
				CLANG_WARN_NON_LITERAL_NULL_CONVERSION = YES;
				CLANG_WARN_OBJC_IMPLICIT_RETAIN_SELF = YES;
				CLANG_WARN_OBJC_LITERAL_CONVERSION = YES;
				CLANG_WARN_OBJC_ROOT_CLASS = YES_ERROR;
				CLANG_WARN_QUOTED_INCLUDE_IN_FRAMEWORK_HEADER = YES;
				CLANG_WARN_RANGE_LOOP_ANALYSIS = YES;
				CLANG_WARN_STRICT_PROTOTYPES = YES;
				CLANG_WARN_SUSPICIOUS_MOVE = YES;
				CLANG_WARN_UNGUARDED_AVAILABILITY = YES_AGGRESSIVE;
				CLANG_WARN_UNREACHABLE_CODE = YES;
				CLANG_WARN__DUPLICATE_METHOD_MATCH = YES;
				COPY_PHASE_STRIP = NO;
				DEBUG_INFORMATION_FORMAT = dwarf;
				ENABLE_STRICT_OBJC_MSGSEND = YES;
				ENABLE_TESTABILITY = YES;
				GCC_C_LANGUAGE_STANDARD = gnu11;
				GCC_DYNAMIC_NO_PIC = NO;
				GCC_NO_COMMON_BLOCKS = YES;
				GCC_OPTIMIZATION_LEVEL = 0;
				GCC_PREPROCESSOR_DEFINITIONS = (
					"DEBUG=1",
					"$(inherited)",
				);
				GCC_WARN_64_TO_32_BIT_CONVERSION = YES;
				GCC_WARN_ABOUT_RETURN_TYPE = YES_ERROR;
				GCC_WARN_UNDECLARED_SELECTOR = YES;
				GCC_WARN_UNINITIALIZED_AUTOS = YES_AGGRESSIVE;
				GCC_WARN_UNUSED_FUNCTION = YES;
				GCC_WARN_UNUSED_VARIABLE = YES;
				IPHONEOS_DEPLOYMENT_TARGET = 16.2;
				MTL_ENABLE_DEBUG_INFO = INCLUDE_SOURCE;
				MTL_FAST_MATH = YES;
				ONLY_ACTIVE_ARCH = YES;
				SDKROOT = iphoneos;
				SWIFT_ACTIVE_COMPILATION_CONDITIONS = DEBUG;
				SWIFT_OPTIMIZATION_LEVEL = "-Onone";
			};
			name = Debug;
		};
		F8145A162A80D7EE003E4BB1 /* Release */ = {
			isa = XCBuildConfiguration;
			buildSettings = {
				ALWAYS_SEARCH_USER_PATHS = NO;
				CLANG_ANALYZER_NONNULL = YES;
				CLANG_ANALYZER_NUMBER_OBJECT_CONVERSION = YES_AGGRESSIVE;
				CLANG_CXX_LANGUAGE_STANDARD = "gnu++20";
				CLANG_ENABLE_MODULES = YES;
				CLANG_ENABLE_OBJC_ARC = YES;
				CLANG_ENABLE_OBJC_WEAK = YES;
				CLANG_WARN_BLOCK_CAPTURE_AUTORELEASING = YES;
				CLANG_WARN_BOOL_CONVERSION = YES;
				CLANG_WARN_COMMA = YES;
				CLANG_WARN_CONSTANT_CONVERSION = YES;
				CLANG_WARN_DEPRECATED_OBJC_IMPLEMENTATIONS = YES;
				CLANG_WARN_DIRECT_OBJC_ISA_USAGE = YES_ERROR;
				CLANG_WARN_DOCUMENTATION_COMMENTS = YES;
				CLANG_WARN_EMPTY_BODY = YES;
				CLANG_WARN_ENUM_CONVERSION = YES;
				CLANG_WARN_INFINITE_RECURSION = YES;
				CLANG_WARN_INT_CONVERSION = YES;
				CLANG_WARN_NON_LITERAL_NULL_CONVERSION = YES;
				CLANG_WARN_OBJC_IMPLICIT_RETAIN_SELF = YES;
				CLANG_WARN_OBJC_LITERAL_CONVERSION = YES;
				CLANG_WARN_OBJC_ROOT_CLASS = YES_ERROR;
				CLANG_WARN_QUOTED_INCLUDE_IN_FRAMEWORK_HEADER = YES;
				CLANG_WARN_RANGE_LOOP_ANALYSIS = YES;
				CLANG_WARN_STRICT_PROTOTYPES = YES;
				CLANG_WARN_SUSPICIOUS_MOVE = YES;
				CLANG_WARN_UNGUARDED_AVAILABILITY = YES_AGGRESSIVE;
				CLANG_WARN_UNREACHABLE_CODE = YES;
				CLANG_WARN__DUPLICATE_METHOD_MATCH = YES;
				COPY_PHASE_STRIP = NO;
				DEBUG_INFORMATION_FORMAT = "dwarf-with-dsym";
				ENABLE_NS_ASSERTIONS = NO;
				ENABLE_STRICT_OBJC_MSGSEND = YES;
				GCC_C_LANGUAGE_STANDARD = gnu11;
				GCC_NO_COMMON_BLOCKS = YES;
				GCC_WARN_64_TO_32_BIT_CONVERSION = YES;
				GCC_WARN_ABOUT_RETURN_TYPE = YES_ERROR;
				GCC_WARN_UNDECLARED_SELECTOR = YES;
				GCC_WARN_UNINITIALIZED_AUTOS = YES_AGGRESSIVE;
				GCC_WARN_UNUSED_FUNCTION = YES;
				GCC_WARN_UNUSED_VARIABLE = YES;
				IPHONEOS_DEPLOYMENT_TARGET = 16.2;
				MTL_ENABLE_DEBUG_INFO = NO;
				MTL_FAST_MATH = YES;
				SDKROOT = iphoneos;
				SWIFT_COMPILATION_MODE = wholemodule;
				SWIFT_OPTIMIZATION_LEVEL = "-O";
				VALIDATE_PRODUCT = YES;
			};
			name = Release;
		};
		F8145A182A80D7EE003E4BB1 /* Debug */ = {
			isa = XCBuildConfiguration;
			buildSettings = {
				ASSETCATALOG_COMPILER_APPICON_NAME = AppIcon;
				ASSETCATALOG_COMPILER_GLOBAL_ACCENT_COLOR_NAME = AccentColor;
				CODE_SIGN_STYLE = Automatic;
				CURRENT_PROJECT_VERSION = 1;
				DEVELOPMENT_TEAM = M8S29G9Z3W;
				GENERATE_INFOPLIST_FILE = YES;
				INFOPLIST_FILE = DecoratorPattern/Info.plist;
				INFOPLIST_KEY_UIApplicationSupportsIndirectInputEvents = YES;
				INFOPLIST_KEY_UILaunchStoryboardName = LaunchScreen;
				INFOPLIST_KEY_UIMainStoryboardFile = Main;
				INFOPLIST_KEY_UISupportedInterfaceOrientations_iPad = "UIInterfaceOrientationPortrait UIInterfaceOrientationPortraitUpsideDown UIInterfaceOrientationLandscapeLeft UIInterfaceOrientationLandscapeRight";
				INFOPLIST_KEY_UISupportedInterfaceOrientations_iPhone = "UIInterfaceOrientationPortrait UIInterfaceOrientationLandscapeLeft UIInterfaceOrientationLandscapeRight";
				LD_RUNPATH_SEARCH_PATHS = (
					"$(inherited)",
					"@executable_path/Frameworks",
				);
				MARKETING_VERSION = 1.0;
				PRODUCT_BUNDLE_IDENTIFIER = SwiftUi.oday.DecoratorPattern;
				PRODUCT_NAME = "$(TARGET_NAME)";
				SWIFT_EMIT_LOC_STRINGS = YES;
				SWIFT_VERSION = 5.0;
				TARGETED_DEVICE_FAMILY = "1,2";
			};
			name = Debug;
		};
		F8145A192A80D7EE003E4BB1 /* Release */ = {
			isa = XCBuildConfiguration;
			buildSettings = {
				ASSETCATALOG_COMPILER_APPICON_NAME = AppIcon;
				ASSETCATALOG_COMPILER_GLOBAL_ACCENT_COLOR_NAME = AccentColor;
				CODE_SIGN_STYLE = Automatic;
				CURRENT_PROJECT_VERSION = 1;
				DEVELOPMENT_TEAM = M8S29G9Z3W;
				GENERATE_INFOPLIST_FILE = YES;
				INFOPLIST_FILE = DecoratorPattern/Info.plist;
				INFOPLIST_KEY_UIApplicationSupportsIndirectInputEvents = YES;
				INFOPLIST_KEY_UILaunchStoryboardName = LaunchScreen;
				INFOPLIST_KEY_UIMainStoryboardFile = Main;
				INFOPLIST_KEY_UISupportedInterfaceOrientations_iPad = "UIInterfaceOrientationPortrait UIInterfaceOrientationPortraitUpsideDown UIInterfaceOrientationLandscapeLeft UIInterfaceOrientationLandscapeRight";
				INFOPLIST_KEY_UISupportedInterfaceOrientations_iPhone = "UIInterfaceOrientationPortrait UIInterfaceOrientationLandscapeLeft UIInterfaceOrientationLandscapeRight";
				LD_RUNPATH_SEARCH_PATHS = (
					"$(inherited)",
					"@executable_path/Frameworks",
				);
				MARKETING_VERSION = 1.0;
				PRODUCT_BUNDLE_IDENTIFIER = SwiftUi.oday.DecoratorPattern;
				PRODUCT_NAME = "$(TARGET_NAME)";
				SWIFT_EMIT_LOC_STRINGS = YES;
				SWIFT_VERSION = 5.0;
				TARGETED_DEVICE_FAMILY = "1,2";
			};
			name = Release;
		};
/* End XCBuildConfiguration section */

/* Begin XCConfigurationList section */
		F81459FE2A80D7EC003E4BB1 /* Build configuration list for PBXProject "DecoratorPattern" */ = {
			isa = XCConfigurationList;
			buildConfigurations = (
				F8145A152A80D7EE003E4BB1 /* Debug */,
				F8145A162A80D7EE003E4BB1 /* Release */,
			);
			defaultConfigurationIsVisible = 0;
			defaultConfigurationName = Release;
		};
		F8145A172A80D7EE003E4BB1 /* Build configuration list for PBXNativeTarget "DecoratorPattern" */ = {
			isa = XCConfigurationList;
			buildConfigurations = (
				F8145A182A80D7EE003E4BB1 /* Debug */,
				F8145A192A80D7EE003E4BB1 /* Release */,
			);
			defaultConfigurationIsVisible = 0;
			defaultConfigurationName = Release;
		};
/* End XCConfigurationList section */
	};
	rootObject = F81459FB2A80D7EC003E4BB1 /* Project object */;
}
